
Microsoft Visual Studio Solution File, Format Version 12.00
# Visual Studio Version 17
VisualStudioVersion = 17.13.35913.81 d17.13
MinimumVisualStudioVersion = 10.0.40219.1
Project("{FAE04EC0-301F-11D3-BF4B-00C04F79EFBC}") = "ThomasCRUD", "ThomasCRUD\ThomasCRUD.csproj", "{55E1814C-C986-49F4-BDF9-750E4BAAB107}"
EndProject
Global
	GlobalSection(SolutionConfigurationPlatforms) = preSolution
		Debug|Any CPU = Debug|Any CPU
		Release|Any CPU = Release|Any CPU
	EndGlobalSection
	GlobalSection(ProjectConfigurationPlatforms) = postSolution
		{55E1814C-C986-49F4-BDF9-750E4BAAB107}.Debug|Any CPU.ActiveCfg = Debug|Any CPU
		{55E1814C-C986-49F4-BDF9-750E4BAAB107}.Debug|Any CPU.Build.0 = Debug|Any CPU
		{55E1814C-C986-49F4-BDF9-750E4BAAB107}.Release|Any CPU.ActiveCfg = Release|Any CPU
		{55E1814C-C986-49F4-BDF9-750E4BAAB107}.Release|Any CPU.Build.0 = Release|Any CPU
	EndGlobalSection
	GlobalSection(SolutionProperties) = preSolution
		HideSolutionNode = FALSE
	EndGlobalSection
	GlobalSection(ExtensibilityGlobals) = postSolution
		SolutionGuid = {CF17F772-61FE-463F-8EE6-D38273607853}
	EndGlobalSection
EndGlobal
